
Microsoft Visual Studio Solution File, Format Version 12.00
# Visual Studio Version 16
VisualStudioVersion = 16.0.30717.126
MinimumVisualStudioVersion = 10.0.40219.1
Project("{9A19103F-16F7-4668-BE54-9A1E7A4F7556}") = "CrossChallenge.Contracts", "CrossChallenge.Contracts\CrossChallenge.Contracts.csproj", "{DC09B94C-872B-4965-A7F3-74997F65C04D}"
EndProject
Project("{FAE04EC0-301F-11D3-BF4B-00C04F79EFBC}") = "CrossChallenge.Web", "CrossChallenge.Web\CrossChallenge.Web.csproj", "{1EBDBBDF-0154-47BB-8E48-1E92C3910DA9}"
EndProject
Project("{FAE04EC0-301F-11D3-BF4B-00C04F79EFBC}") = "CrossChallenge.Api", "CrossChallenge.Api\CrossChallenge.Api.csproj", "{252B5B04-DF73-4F73-AB2E-07A087CEAFDA}"
EndProject
Global
	GlobalSection(SolutionConfigurationPlatforms) = preSolution
		Debug|Any CPU = Debug|Any CPU
		Release|Any CPU = Release|Any CPU
	EndGlobalSection
	GlobalSection(ProjectConfigurationPlatforms) = postSolution
		{DC09B94C-872B-4965-A7F3-74997F65C04D}.Debug|Any CPU.ActiveCfg = Debug|Any CPU
		{DC09B94C-872B-4965-A7F3-74997F65C04D}.Debug|Any CPU.Build.0 = Debug|Any CPU
		{DC09B94C-872B-4965-A7F3-74997F65C04D}.Release|Any CPU.ActiveCfg = Release|Any CPU
		{DC09B94C-872B-4965-A7F3-74997F65C04D}.Release|Any CPU.Build.0 = Release|Any CPU
		{1EBDBBDF-0154-47BB-8E48-1E92C3910DA9}.Debug|Any CPU.ActiveCfg = Debug|Any CPU
		{1EBDBBDF-0154-47BB-8E48-1E92C3910DA9}.Debug|Any CPU.Build.0 = Debug|Any CPU
		{1EBDBBDF-0154-47BB-8E48-1E92C3910DA9}.Release|Any CPU.ActiveCfg = Release|Any CPU
		{1EBDBBDF-0154-47BB-8E48-1E92C3910DA9}.Release|Any CPU.Build.0 = Release|Any CPU
		{252B5B04-DF73-4F73-AB2E-07A087CEAFDA}.Debug|Any CPU.ActiveCfg = Debug|Any CPU
		{252B5B04-DF73-4F73-AB2E-07A087CEAFDA}.Debug|Any CPU.Build.0 = Debug|Any CPU
		{252B5B04-DF73-4F73-AB2E-07A087CEAFDA}.Release|Any CPU.ActiveCfg = Release|Any CPU
		{252B5B04-DF73-4F73-AB2E-07A087CEAFDA}.Release|Any CPU.Build.0 = Release|Any CPU
	EndGlobalSection
	GlobalSection(SolutionProperties) = preSolution
		HideSolutionNode = FALSE
	EndGlobalSection
	GlobalSection(ExtensibilityGlobals) = postSolution
		SolutionGuid = {AAF21ECF-7A32-4ADE-A53C-5437222F6042}
	EndGlobalSection
EndGlobal
